
Microsoft Visual Studio Solution File, Format Version 12.00
# Visual Studio Version 16
VisualStudioVersion = 16.0.30804.86
MinimumVisualStudioVersion = 10.0.40219.1
Project("{FAE04EC0-301F-11D3-BF4B-00C04F79EFBC}") = "пример 1", "пример 1\пример 1.csproj", "{4C6601D9-216C-48FC-BFD9-DC64955FC8F1}"
EndProject
Project("{FAE04EC0-301F-11D3-BF4B-00C04F79EFBC}") = "Пример 2", "Пример 2\Пример 2.csproj", "{C97504C9-2EBB-474C-B2A3-E7D107BEC2C9}"
EndProject
Global
	GlobalSection(SolutionConfigurationPlatforms) = preSolution
		Debug|Any CPU = Debug|Any CPU
		Release|Any CPU = Release|Any CPU
	EndGlobalSection
	GlobalSection(ProjectConfigurationPlatforms) = postSolution
		{4C6601D9-216C-48FC-BFD9-DC64955FC8F1}.Debug|Any CPU.ActiveCfg = Debug|Any CPU
		{4C6601D9-216C-48FC-BFD9-DC64955FC8F1}.Debug|Any CPU.Build.0 = Debug|Any CPU
		{4C6601D9-216C-48FC-BFD9-DC64955FC8F1}.Release|Any CPU.ActiveCfg = Release|Any CPU
		{4C6601D9-216C-48FC-BFD9-DC64955FC8F1}.Release|Any CPU.Build.0 = Release|Any CPU
		{C97504C9-2EBB-474C-B2A3-E7D107BEC2C9}.Debug|Any CPU.ActiveCfg = Debug|Any CPU
		{C97504C9-2EBB-474C-B2A3-E7D107BEC2C9}.Debug|Any CPU.Build.0 = Debug|Any CPU
		{C97504C9-2EBB-474C-B2A3-E7D107BEC2C9}.Release|Any CPU.ActiveCfg = Release|Any CPU
		{C97504C9-2EBB-474C-B2A3-E7D107BEC2C9}.Release|Any CPU.Build.0 = Release|Any CPU
	EndGlobalSection
	GlobalSection(SolutionProperties) = preSolution
		HideSolutionNode = FALSE
	EndGlobalSection
	GlobalSection(ExtensibilityGlobals) = postSolution
		SolutionGuid = {33DA2942-0CEE-4B61-A018-115575BFA298}
	EndGlobalSection
EndGlobal
